{
  "name": "enzominer",
  "version": "1.0.0",
  "lockfileVersion": 1,
  "requires": true,
  "dependencies": {
    "moment": {
      "version": "2.29.1",
      "resolved": "https://registry.npmjs.org/moment/-/moment-2.29.1.tgz",
      "integrity": "sha512-kHmoybcPV8Sqy59DwNDY3Jefr64lK/by/da0ViFcuA4DH0vQg5Q6Ze5VimxkfQNSC+Mls/Kx53s7TjP1RhFEDQ=="
    },
    "nodejs-console-log": {
      "version": "1.0.4",
      "resolved": "https://registry.npmjs.org/nodejs-console-log/-/nodejs-console-log-1.0.4.tgz",
      "integrity": "sha512-uFLHV43HD5Kk8A7VTsKRiGyi5HPkt+fdQBGCeQ4Inj/lGupRiu8lPkaU8/kc99mOUxz20kfX7brfV4CdvUNHEQ==",
      "requires": {
        "moment": "^2.24.0"
      }
    }
  }
}
